github.com/clemenspeters/golang-tutorials v0.0.0-20200606171257-2a7eef1b5a1d h1:xZvP8PxcTdMNOJDhWoWOzeLNeWml7eTBIqkpvwN9WW4=
github.com/clemenspeters/golang-tutorials/introduction-to-miroservices-series/episode2 v0.0.0-20200606171257-2a7eef1b5a1d h1:lUjWgJ5A7lc1NtagYMVPT1fjLFiIG2r/2GhxSDVu3Iw=
github.com/clemenspeters/golang-tutorials/introduction-to-miroservices-series/episode2 v0.0.0-20200606171257-2a7eef1b5a1d/go.mod h1:oVew/U6opt9bfmUcaEt52ddQe6EZJlcdFSazGSE6SQ0=
